// !$*UTF8*$!
{
	archiveVersion = 1;
	classes = {
	};
	objectVersion = 56;
	objects = {

/* Begin PBXBuildFile section */
		73540D9E3869B2357793C7ED /* Pods_PublicKey_Pinning_Swift.framework in Frameworks */ = {isa = PBXBuildFile; fileRef = D44AC0B0ACCA5886EF844F2F /* Pods_PublicKey_Pinning_Swift.framework */; };
		9C6209AA29A5E50B00F142C9 /* URLSessionCertificatePinning.swift in Sources */ = {isa = PBXBuildFile; fileRef = 9C6209A929A5E50B00F142C9 /* URLSessionCertificatePinning.swift */; };
		9CD6E0702F1D2C9400108ECA /* SecureSessionDelegate.swift in Sources */ = {isa = PBXBuildFile; fileRef = 9CD6E06F2F1D2C9400108ECA /* SecureSessionDelegate.swift */; };
		9CDE32D2299CEA0000F6BC10 /* AlamofirePublicKeyPinning_UsingKeyOnly.swift in Sources */ = {isa = PBXBuildFile; fileRef = 9CDE32D1299CEA0000F6BC10 /* AlamofirePublicKeyPinning_UsingKeyOnly.swift */; };
		9CDE32D5299CF0C800F6BC10 /* SecKeyGenerator.swift in Sources */ = {isa = PBXBuildFile; fileRef = 9CDE32D4299CF0C800F6BC10 /* SecKeyGenerator.swift */; };
		9CDE32D7299CF2F900F6BC10 /* AlamofirePublicKeyPinning_UsingMethodOverride.swift in Sources */ = {isa = PBXBuildFile; fileRef = 9CDE32D6299CF2F900F6BC10 /* AlamofirePublicKeyPinning_UsingMethodOverride.swift */; };
		9CDE32D9299CF68200F6BC10 /* CustomServerTrustMananger.swift in Sources */ = {isa = PBXBuildFile; fileRef = 9CDE32D8299CF68200F6BC10 /* CustomServerTrustMananger.swift */; };
		9CDE32DB299CF69A00F6BC10 /* RestrictionEvalutor.swift in Sources */ = {isa = PBXBuildFile; fileRef = 9CDE32DA299CF69A00F6BC10 /* RestrictionEvalutor.swift */; };
		9CDE32DE299CFAE500F6BC10 /* AlamofireCertificatePinning.swift in Sources */ = {isa = PBXBuildFile; fileRef = 9CDE32DD299CFAE500F6BC10 /* AlamofireCertificatePinning.swift */; };
		9CDE32E0299CFB1900F6BC10 /* CertificateServerTrustManager.swift in Sources */ = {isa = PBXBuildFile; fileRef = 9CDE32DF299CFB1900F6BC10 /* CertificateServerTrustManager.swift */; };
		9CE4BAC8299CE794005F6B2C /* AppDelegate.swift in Sources */ = {isa = PBXBuildFile; fileRef = 9CE4BAC7299CE794005F6B2C /* AppDelegate.swift */; };
		9CE4BACA299CE794005F6B2C /* SceneDelegate.swift in Sources */ = {isa = PBXBuildFile; fileRef = 9CE4BAC9299CE794005F6B2C /* SceneDelegate.swift */; };
		9CE4BACC299CE794005F6B2C /* ViewController.swift in Sources */ = {isa = PBXBuildFile; fileRef = 9CE4BACB299CE794005F6B2C /* ViewController.swift */; };
		9CE4BACF299CE794005F6B2C /* Main.storyboard in Resources */ = {isa = PBXBuildFile; fileRef = 9CE4BACD299CE794005F6B2C /* Main.storyboard */; };
		9CE4BAD1299CE795005F6B2C /* Assets.xcassets in Resources */ = {isa = PBXBuildFile; fileRef = 9CE4BAD0299CE795005F6B2C /* Assets.xcassets */; };
		9CE4BAD4299CE795005F6B2C /* LaunchScreen.storyboard in Resources */ = {isa = PBXBuildFile; fileRef = 9CE4BAD2299CE795005F6B2C /* LaunchScreen.storyboard */; };
/* End PBXBuildFile section */

/* Begin PBXFileReference section */
		9C6209A929A5E50B00F142C9 /* URLSessionCertificatePinning.swift */ = {isa = PBXFileReference; lastKnownFileType = sourcecode.swift; path = URLSessionCertificatePinning.swift; sourceTree = "<group>"; };
		9CD6E06F2F1D2C9400108ECA /* SecureSessionDelegate.swift */ = {isa = PBXFileReference; lastKnownFileType = sourcecode.swift; path = SecureSessionDelegate.swift; sourceTree = "<group>"; };
		9CDE32D1299CEA0000F6BC10 /* AlamofirePublicKeyPinning_UsingKeyOnly.swift */ = {isa = PBXFileReference; lastKnownFileType = sourcecode.swift; path = AlamofirePublicKeyPinning_UsingKeyOnly.swift; sourceTree = "<group>"; };
		9CDE32D4299CF0C800F6BC10 /* SecKeyGenerator.swift */ = {isa = PBXFileReference; lastKnownFileType = sourcecode.swift; path = SecKeyGenerator.swift; sourceTree = "<group>"; };
		9CDE32D6299CF2F900F6BC10 /* AlamofirePublicKeyPinning_UsingMethodOverride.swift */ = {isa = PBXFileReference; lastKnownFileType = sourcecode.swift; path = AlamofirePublicKeyPinning_UsingMethodOverride.swift; sourceTree = "<group>"; };
		9CDE32D8299CF68200F6BC10 /* CustomServerTrustMananger.swift */ = {isa = PBXFileReference; lastKnownFileType = sourcecode.swift; path = CustomServerTrustMananger.swift; sourceTree = "<group>"; };
		9CDE32DA299CF69A00F6BC10 /* RestrictionEvalutor.swift */ = {isa = PBXFileReference; lastKnownFileType = sourcecode.swift; path = RestrictionEvalutor.swift; sourceTree = "<group>"; };
		9CDE32DD299CFAE500F6BC10 /* AlamofireCertificatePinning.swift */ = {isa = PBXFileReference; lastKnownFileType = sourcecode.swift; path = AlamofireCertificatePinning.swift; sourceTree = "<group>"; };
		9CDE32DF299CFB1900F6BC10 /* CertificateServerTrustManager.swift */ = {isa = PBXFileReference; lastKnownFileType = sourcecode.swift; path = CertificateServerTrustManager.swift; sourceTree = "<group>"; };
		9CE4BAC4299CE794005F6B2C /* PublicKey-Pinning_Swift.app */ = {isa = PBXFileReference; explicitFileType = wrapper.application; includeInIndex = 0; path = "PublicKey-Pinning_Swift.app"; sourceTree = BUILT_PRODUCTS_DIR; };
		9CE4BAC7299CE794005F6B2C /* AppDelegate.swift */ = {isa = PBXFileReference; lastKnownFileType = sourcecode.swift; path = AppDelegate.swift; sourceTree = "<group>"; };
		9CE4BAC9299CE794005F6B2C /* SceneDelegate.swift */ = {isa = PBXFileReference; lastKnownFileType = sourcecode.swift; path = SceneDelegate.swift; sourceTree = "<group>"; };
		9CE4BACB299CE794005F6B2C /* ViewController.swift */ = {isa = PBXFileReference; lastKnownFileType = sourcecode.swift; path = ViewController.swift; sourceTree = "<group>"; };
		9CE4BACE299CE794005F6B2C /* Base */ = {isa = PBXFileReference; lastKnownFileType = file.storyboard; name = Base; path = Base.lproj/Main.storyboard; sourceTree = "<group>"; };
		9CE4BAD0299CE795005F6B2C /* Assets.xcassets */ = {isa = PBXFileReference; lastKnownFileType = folder.assetcatalog; path = Assets.xcassets; sourceTree = "<group>"; };
		9CE4BAD3299CE795005F6B2C /* Base */ = {isa = PBXFileReference; lastKnownFileType = file.storyboard; name = Base; path = Base.lproj/LaunchScreen.storyboard; sourceTree = "<group>"; };
		9CE4BAD5299CE795005F6B2C /* Info.plist */ = {isa = PBXFileReference; lastKnownFileType = text.plist.xml; path = Info.plist; sourceTree = "<group>"; };
		AF5FDDAC277B51E27C5E3355 /* Pods-PublicKey-Pinning_Swift.release.xcconfig */ = {isa = PBXFileReference; includeInIndex = 1; lastKnownFileType = text.xcconfig; name = "Pods-PublicKey-Pinning_Swift.release.xcconfig"; path = "Target Support Files/Pods-PublicKey-Pinning_Swift/Pods-PublicKey-Pinning_Swift.release.xcconfig"; sourceTree = "<group>"; };
		D44AC0B0ACCA5886EF844F2F /* Pods_PublicKey_Pinning_Swift.framework */ = {isa = PBXFileReference; explicitFileType = wrapper.framework; includeInIndex = 0; path = Pods_PublicKey_Pinning_Swift.framework; sourceTree = BUILT_PRODUCTS_DIR; };
		F481A9E0AE3CD6F8824DE012 /* Pods-PublicKey-Pinning_Swift.debug.xcconfig */ = {isa = PBXFileReference; includeInIndex = 1; lastKnownFileType = text.xcconfig; name = "Pods-PublicKey-Pinning_Swift.debug.xcconfig"; path = "Target Support Files/Pods-PublicKey-Pinning_Swift/Pods-PublicKey-Pinning_Swift.debug.xcconfig"; sourceTree = "<group>"; };
/* End PBXFileReference section */

/* Begin PBXFrameworksBuildPhase section */
		9CE4BAC1299CE794005F6B2C /* Frameworks */ = {
			isa = PBXFrameworksBuildPhase;
			buildActionMask = 2147483647;
			files = (
				73540D9E3869B2357793C7ED /* Pods_PublicKey_Pinning_Swift.framework in Frameworks */,
			);
			runOnlyForDeploymentPostprocessing = 0;
		};
/* End PBXFrameworksBuildPhase section */

/* Begin PBXGroup section */
		5AC3BA60F01C583B6D80A165 /* Frameworks */ = {
			isa = PBXGroup;
			children = (
				D44AC0B0ACCA5886EF844F2F /* Pods_PublicKey_Pinning_Swift.framework */,
			);
			name = Frameworks;
			sourceTree = "<group>";
		};
		9CD6E0712F1D2D0900108ECA /* mTLSPinning */ = {
			isa = PBXGroup;
			children = (
			);
			path = mTLSPinning;
			sourceTree = "<group>";
		};
		9CDE32D0299CE9EE00F6BC10 /* PublicKeyPinning */ = {
			isa = PBXGroup;
			children = (
				9CDE32D1299CEA0000F6BC10 /* AlamofirePublicKeyPinning_UsingKeyOnly.swift */,
				9CDE32D6299CF2F900F6BC10 /* AlamofirePublicKeyPinning_UsingMethodOverride.swift */,
				9CDE32D8299CF68200F6BC10 /* CustomServerTrustMananger.swift */,
				9CDE32DA299CF69A00F6BC10 /* RestrictionEvalutor.swift */,
			);
			path = PublicKeyPinning;
			sourceTree = "<group>";
		};
		9CDE32D3299CF0AA00F6BC10 /* Shared */ = {
			isa = PBXGroup;
			children = (
				9CDE32D4299CF0C800F6BC10 /* SecKeyGenerator.swift */,
			);
			path = Shared;
			sourceTree = "<group>";
		};
		9CDE32DC299CF87A00F6BC10 /* CertificatePinning */ = {
			isa = PBXGroup;
			children = (
				9CDE32DD299CFAE500F6BC10 /* AlamofireCertificatePinning.swift */,
				9CDE32DF299CFB1900F6BC10 /* CertificateServerTrustManager.swift */,
				9C6209A929A5E50B00F142C9 /* URLSessionCertificatePinning.swift */,
			);
			path = CertificatePinning;
			sourceTree = "<group>";
		};
		9CE4BABB299CE794005F6B2C = {
			isa = PBXGroup;
			children = (
				9CE4BAC6299CE794005F6B2C /* PublicKey-Pinning_Swift */,
				9CE4BAC5299CE794005F6B2C /* Products */,
				D153ADFC820B9A19A29B64B4 /* Pods */,
				5AC3BA60F01C583B6D80A165 /* Frameworks */,
			);
			sourceTree = "<group>";
		};
		9CE4BAC5299CE794005F6B2C /* Products */ = {
			isa = PBXGroup;
			children = (
				9CE4BAC4299CE794005F6B2C /* PublicKey-Pinning_Swift.app */,
			);
			name = Products;
			sourceTree = "<group>";
		};
		9CE4BAC6299CE794005F6B2C /* PublicKey-Pinning_Swift */ = {
			isa = PBXGroup;
			children = (
				9CD6E0712F1D2D0900108ECA /* mTLSPinning */,
				9CD6E06F2F1D2C9400108ECA /* SecureSessionDelegate.swift */,
				9CDE32DC299CF87A00F6BC10 /* CertificatePinning */,
				9CDE32D3299CF0AA00F6BC10 /* Shared */,
				9CDE32D0299CE9EE00F6BC10 /* PublicKeyPinning */,
				9CE4BAC7299CE794005F6B2C /* AppDelegate.swift */,
				9CE4BAC9299CE794005F6B2C /* SceneDelegate.swift */,
				9CE4BACB299CE794005F6B2C /* ViewController.swift */,
				9CE4BACD299CE794005F6B2C /* Main.storyboard */,
				9CE4BAD0299CE795005F6B2C /* Assets.xcassets */,
				9CE4BAD2299CE795005F6B2C /* LaunchScreen.storyboard */,
				9CE4BAD5299CE795005F6B2C /* Info.plist */,
			);
			path = "PublicKey-Pinning_Swift";
			sourceTree = "<group>";
		};
		D153ADFC820B9A19A29B64B4 /* Pods */ = {
			isa = PBXGroup;
			children = (
				F481A9E0AE3CD6F8824DE012 /* Pods-PublicKey-Pinning_Swift.debug.xcconfig */,
				AF5FDDAC277B51E27C5E3355 /* Pods-PublicKey-Pinning_Swift.release.xcconfig */,
			);
			path = Pods;
			sourceTree = "<group>";
		};
/* End PBXGroup section */

/* Begin PBXNativeTarget section */
		9CE4BAC3299CE794005F6B2C /* PublicKey-Pinning_Swift */ = {
			isa = PBXNativeTarget;
			buildConfigurationList = 9CE4BAD8299CE795005F6B2C /* Build configuration list for PBXNativeTarget "PublicKey-Pinning_Swift" */;
			buildPhases = (
				BA3042F73F7EFEDCD1DDFD13 /* [CP] Check Pods Manifest.lock */,
				9CE4BAC0299CE794005F6B2C /* Sources */,
				9CE4BAC1299CE794005F6B2C /* Frameworks */,
				9CE4BAC2299CE794005F6B2C /* Resources */,
				4121348D9B3CC2464D273922 /* [CP] Embed Pods Frameworks */,
			);
			buildRules = (
			);
			dependencies = (
			);
			name = "PublicKey-Pinning_Swift";
			productName = "PublicKey-Pinning_Swift";
			productReference = 9CE4BAC4299CE794005F6B2C /* PublicKey-Pinning_Swift.app */;
			productType = "com.apple.product-type.application";
		};
/* End PBXNativeTarget section */

/* Begin PBXProject section */
		9CE4BABC299CE794005F6B2C /* Project object */ = {
			isa = PBXProject;
			attributes = {
				BuildIndependentTargetsInParallel = 1;
				LastSwiftUpdateCheck = 1420;
				LastUpgradeCheck = 1420;
				TargetAttributes = {
					9CE4BAC3299CE794005F6B2C = {
						CreatedOnToolsVersion = 14.2;
					};
				};
			};
			buildConfigurationList = 9CE4BABF299CE794005F6B2C /* Build configuration list for PBXProject "PublicKey-Pinning_Swift" */;
			compatibilityVersion = "Xcode 14.0";
			developmentRegion = en;
			hasScannedForEncodings = 0;
			knownRegions = (
				en,
				Base,
			);
			mainGroup = 9CE4BABB299CE794005F6B2C;
			productRefGroup = 9CE4BAC5299CE794005F6B2C /* Products */;
			projectDirPath = "";
			projectRoot = "";
			targets = (
				9CE4BAC3299CE794005F6B2C /* PublicKey-Pinning_Swift */,
			);
		};
/* End PBXProject section */

/* Begin PBXResourcesBuildPhase section */
		9CE4BAC2299CE794005F6B2C /* Resources */ = {
			isa = PBXResourcesBuildPhase;
			buildActionMask = 2147483647;
			files = (
				9CE4BAD4299CE795005F6B2C /* LaunchScreen.storyboard in Resources */,
				9CE4BAD1299CE795005F6B2C /* Assets.xcassets in Resources */,
				9CE4BACF299CE794005F6B2C /* Main.storyboard in Resources */,
			);
			runOnlyForDeploymentPostprocessing = 0;
		};
/* End PBXResourcesBuildPhase section */

/* Begin PBXShellScriptBuildPhase section */
		4121348D9B3CC2464D273922 /* [CP] Embed Pods Frameworks */ = {
			isa = PBXShellScriptBuildPhase;
			buildActionMask = 2147483647;
			files = (
			);
			inputFileListPaths = (
				"${PODS_ROOT}/Target Support Files/Pods-PublicKey-Pinning_Swift/Pods-PublicKey-Pinning_Swift-frameworks-${CONFIGURATION}-input-files.xcfilelist",
			);
			inputPaths = (
			);
			name = "[CP] Embed Pods Frameworks";
			outputFileListPaths = (
				"${PODS_ROOT}/Target Support Files/Pods-PublicKey-Pinning_Swift/Pods-PublicKey-Pinning_Swift-frameworks-${CONFIGURATION}-output-files.xcfilelist",
			);
			outputPaths = (
			);
			runOnlyForDeploymentPostprocessing = 0;
			shellPath = /bin/sh;
			shellScript = "\"${PODS_ROOT}/Target Support Files/Pods-PublicKey-Pinning_Swift/Pods-PublicKey-Pinning_Swift-frameworks.sh\"\n";
			showEnvVarsInLog = 0;
		};
		BA3042F73F7EFEDCD1DDFD13 /* [CP] Check Pods Manifest.lock */ = {
			isa = PBXShellScriptBuildPhase;
			buildActionMask = 2147483647;
			files = (
			);
			inputFileListPaths = (
			);
			inputPaths = (
				"${PODS_PODFILE_DIR_PATH}/Podfile.lock",
				"${PODS_ROOT}/Manifest.lock",
			);
			name = "[CP] Check Pods Manifest.lock";
			outputFileListPaths = (
			);
			outputPaths = (
				"$(DERIVED_FILE_DIR)/Pods-PublicKey-Pinning_Swift-checkManifestLockResult.txt",
			);
			runOnlyForDeploymentPostprocessing = 0;
			shellPath = /bin/sh;
			shellScript = "diff \"${PODS_PODFILE_DIR_PATH}/Podfile.lock\" \"${PODS_ROOT}/Manifest.lock\" > /dev/null\nif [ $? != 0 ] ; then\n    # print error to STDERR\n    echo \"error: The sandbox is not in sync with the Podfile.lock. Run 'pod install' or update your CocoaPods installation.\" >&2\n    exit 1\nfi\n# This output is used by Xcode 'outputs' to avoid re-running this script phase.\necho \"SUCCESS\" > \"${SCRIPT_OUTPUT_FILE_0}\"\n";
			showEnvVarsInLog = 0;
		};
/* End PBXShellScriptBuildPhase section */

/* Begin PBXSourcesBuildPhase section */
		9CE4BAC0299CE794005F6B2C /* Sources */ = {
			isa = PBXSourcesBuildPhase;
			buildActionMask = 2147483647;
			files = (
				9CD6E0702F1D2C9400108ECA /* SecureSessionDelegate.swift in Sources */,
				9CDE32D5299CF0C800F6BC10 /* SecKeyGenerator.swift in Sources */,
				9C6209AA29A5E50B00F142C9 /* URLSessionCertificatePinning.swift in Sources */,
				9CE4BACC299CE794005F6B2C /* ViewController.swift in Sources */,
				9CDE32D2299CEA0000F6BC10 /* AlamofirePublicKeyPinning_UsingKeyOnly.swift in Sources */,
				9CDE32E0299CFB1900F6BC10 /* CertificateServerTrustManager.swift in Sources */,
				9CDE32D9299CF68200F6BC10 /* CustomServerTrustMananger.swift in Sources */,
				9CDE32DB299CF69A00F6BC10 /* RestrictionEvalutor.swift in Sources */,
				9CDE32DE299CFAE500F6BC10 /* AlamofireCertificatePinning.swift in Sources */,
				9CDE32D7299CF2F900F6BC10 /* AlamofirePublicKeyPinning_UsingMethodOverride.swift in Sources */,
				9CE4BAC8299CE794005F6B2C /* AppDelegate.swift in Sources */,
				9CE4BACA299CE794005F6B2C /* SceneDelegate.swift in Sources */,
			);
			runOnlyForDeploymentPostprocessing = 0;
		};
/* End PBXSourcesBuildPhase section */

/* Begin PBXVariantGroup section */
		9CE4BACD299CE794005F6B2C /* Main.storyboard */ = {
			isa = PBXVariantGroup;
			children = (
				9CE4BACE299CE794005F6B2C /* Base */,
			);
			name = Main.storyboard;
			sourceTree = "<group>";
		};
		9CE4BAD2299CE795005F6B2C /* LaunchScreen.storyboard */ = {
			isa = PBXVariantGroup;
			children = (
				9CE4BAD3299CE795005F6B2C /* Base */,
			);
			name = LaunchScreen.storyboard;
			sourceTree = "<group>";
		};
/* End PBXVariantGroup section */

/* Begin XCBuildConfiguration section */
		9CE4BAD6299CE795005F6B2C /* Debug */ = {
			isa = XCBuildConfiguration;
			buildSettings = {
				ALWAYS_SEARCH_USER_PATHS = NO;
				CLANG_ANALYZER_NONNULL = YES;
				CLANG_ANALYZER_NUMBER_OBJECT_CONVERSION = YES_AGGRESSIVE;
				CLANG_CXX_LANGUAGE_STANDARD = "gnu++20";
				CLANG_ENABLE_MODULES = YES;
				CLANG_ENABLE_OBJC_ARC = YES;
				CLANG_ENABLE_OBJC_WEAK = YES;
				CLANG_WARN_BLOCK_CAPTURE_AUTORELEASING = YES;
				CLANG_WARN_BOOL_CONVERSION = YES;
				CLANG_WARN_COMMA = YES;
				CLANG_WARN_CONSTANT_CONVERSION = YES;
				CLANG_WARN_DEPRECATED_OBJC_IMPLEMENTATIONS = YES;
				CLANG_WARN_DIRECT_OBJC_ISA_USAGE = YES_ERROR;
				CLANG_WARN_DOCUMENTATION_COMMENTS = YES;
				CLANG_WARN_EMPTY_BODY = YES;
				CLANG_WARN_ENUM_CONVERSION = YES;
				CLANG_WARN_INFINITE_RECURSION = YES;
				CLANG_WARN_INT_CONVERSION = YES;
				CLANG_WARN_NON_LITERAL_NULL_CONVERSION = YES;
				CLANG_WARN_OBJC_IMPLICIT_RETAIN_SELF = YES;
				CLANG_WARN_OBJC_LITERAL_CONVERSION = YES;
				CLANG_WARN_OBJC_ROOT_CLASS = YES_ERROR;
				CLANG_WARN_QUOTED_INCLUDE_IN_FRAMEWORK_HEADER = YES;
				CLANG_WARN_RANGE_LOOP_ANALYSIS = YES;
				CLANG_WARN_STRICT_PROTOTYPES = YES;
				CLANG_WARN_SUSPICIOUS_MOVE = YES;
				CLANG_WARN_UNGUARDED_AVAILABILITY = YES_AGGRESSIVE;
				CLANG_WARN_UNREACHABLE_CODE = YES;
				CLANG_WARN__DUPLICATE_METHOD_MATCH = YES;
				COPY_PHASE_STRIP = NO;
				DEBUG_INFORMATION_FORMAT = dwarf;
				ENABLE_STRICT_OBJC_MSGSEND = YES;
				ENABLE_TESTABILITY = YES;
				GCC_C_LANGUAGE_STANDARD = gnu11;
				GCC_DYNAMIC_NO_PIC = NO;
				GCC_NO_COMMON_BLOCKS = YES;
				GCC_OPTIMIZATION_LEVEL = 0;
				GCC_PREPROCESSOR_DEFINITIONS = (
					"DEBUG=1",
					"$(inherited)",
				);
				GCC_WARN_64_TO_32_BIT_CONVERSION = YES;
				GCC_WARN_ABOUT_RETURN_TYPE = YES_ERROR;
				GCC_WARN_UNDECLARED_SELECTOR = YES;
				GCC_WARN_UNINITIALIZED_AUTOS = YES_AGGRESSIVE;
				GCC_WARN_UNUSED_FUNCTION = YES;
				GCC_WARN_UNUSED_VARIABLE = YES;
				IPHONEOS_DEPLOYMENT_TARGET = 16.2;
				MTL_ENABLE_DEBUG_INFO = INCLUDE_SOURCE;
				MTL_FAST_MATH = YES;
				ONLY_ACTIVE_ARCH = YES;
				SDKROOT = iphoneos;
				SWIFT_ACTIVE_COMPILATION_CONDITIONS = DEBUG;
				SWIFT_OPTIMIZATION_LEVEL = "-Onone";
			};
			name = Debug;
		};
		9CE4BAD7299CE795005F6B2C /* Release */ = {
			isa = XCBuildConfiguration;
			buildSettings = {
				ALWAYS_SEARCH_USER_PATHS = NO;
				CLANG_ANALYZER_NONNULL = YES;
				CLANG_ANALYZER_NUMBER_OBJECT_CONVERSION = YES_AGGRESSIVE;
				CLANG_CXX_LANGUAGE_STANDARD = "gnu++20";
				CLANG_ENABLE_MODULES = YES;
				CLANG_ENABLE_OBJC_ARC = YES;
				CLANG_ENABLE_OBJC_WEAK = YES;
				CLANG_WARN_BLOCK_CAPTURE_AUTORELEASING = YES;
				CLANG_WARN_BOOL_CONVERSION = YES;
				CLANG_WARN_COMMA = YES;
				CLANG_WARN_CONSTANT_CONVERSION = YES;
				CLANG_WARN_DEPRECATED_OBJC_IMPLEMENTATIONS = YES;
				CLANG_WARN_DIRECT_OBJC_ISA_USAGE = YES_ERROR;
				CLANG_WARN_DOCUMENTATION_COMMENTS = YES;
				CLANG_WARN_EMPTY_BODY = YES;
				CLANG_WARN_ENUM_CONVERSION = YES;
				CLANG_WARN_INFINITE_RECURSION = YES;
				CLANG_WARN_INT_CONVERSION = YES;
				CLANG_WARN_NON_LITERAL_NULL_CONVERSION = YES;
				CLANG_WARN_OBJC_IMPLICIT_RETAIN_SELF = YES;
				CLANG_WARN_OBJC_LITERAL_CONVERSION = YES;
				CLANG_WARN_OBJC_ROOT_CLASS = YES_ERROR;
				CLANG_WARN_QUOTED_INCLUDE_IN_FRAMEWORK_HEADER = YES;
				CLANG_WARN_RANGE_LOOP_ANALYSIS = YES;
				CLANG_WARN_STRICT_PROTOTYPES = YES;
				CLANG_WARN_SUSPICIOUS_MOVE = YES;
				CLANG_WARN_UNGUARDED_AVAILABILITY = YES_AGGRESSIVE;
				CLANG_WARN_UNREACHABLE_CODE = YES;
				CLANG_WARN__DUPLICATE_METHOD_MATCH = YES;
				COPY_PHASE_STRIP = NO;
				DEBUG_INFORMATION_FORMAT = "dwarf-with-dsym";
				ENABLE_NS_ASSERTIONS = NO;
				ENABLE_STRICT_OBJC_MSGSEND = YES;
				GCC_C_LANGUAGE_STANDARD = gnu11;
				GCC_NO_COMMON_BLOCKS = YES;
				GCC_WARN_64_TO_32_BIT_CONVERSION = YES;
				GCC_WARN_ABOUT_RETURN_TYPE = YES_ERROR;
				GCC_WARN_UNDECLARED_SELECTOR = YES;
				GCC_WARN_UNINITIALIZED_AUTOS = YES_AGGRESSIVE;
				GCC_WARN_UNUSED_FUNCTION = YES;
				GCC_WARN_UNUSED_VARIABLE = YES;
				IPHONEOS_DEPLOYMENT_TARGET = 16.2;
				MTL_ENABLE_DEBUG_INFO = NO;
				MTL_FAST_MATH = YES;
				SDKROOT = iphoneos;
				SWIFT_COMPILATION_MODE = wholemodule;
				SWIFT_OPTIMIZATION_LEVEL = "-O";
				VALIDATE_PRODUCT = YES;
			};
			name = Release;
		};
		9CE4BAD9299CE795005F6B2C /* Debug */ = {
			isa = XCBuildConfiguration;
			baseConfigurationReference = F481A9E0AE3CD6F8824DE012 /* Pods-PublicKey-Pinning_Swift.debug.xcconfig */;
			buildSettings = {
				ASSETCATALOG_COMPILER_APPICON_NAME = AppIcon;
				ASSETCATALOG_COMPILER_GLOBAL_ACCENT_COLOR_NAME = AccentColor;
				CODE_SIGN_STYLE = Manual;
				CURRENT_PROJECT_VERSION = 1;
				DEVELOPMENT_TEAM = "";
				GENERATE_INFOPLIST_FILE = YES;
				INFOPLIST_FILE = "PublicKey-Pinning_Swift/Info.plist";
				INFOPLIST_KEY_UIApplicationSupportsIndirectInputEvents = YES;
				INFOPLIST_KEY_UILaunchStoryboardName = LaunchScreen;
				INFOPLIST_KEY_UIMainStoryboardFile = Main;
				INFOPLIST_KEY_UISupportedInterfaceOrientations_iPad = "UIInterfaceOrientationPortrait UIInterfaceOrientationPortraitUpsideDown UIInterfaceOrientationLandscapeLeft UIInterfaceOrientationLandscapeRight";
				INFOPLIST_KEY_UISupportedInterfaceOrientations_iPhone = "UIInterfaceOrientationPortrait UIInterfaceOrientationLandscapeLeft UIInterfaceOrientationLandscapeRight";
				IPHONEOS_DEPLOYMENT_TARGET = 15.0;
				LD_RUNPATH_SEARCH_PATHS = (
					"$(inherited)",
					"@executable_path/Frameworks",
				);
				MARKETING_VERSION = 1.0;
				PRODUCT_BUNDLE_IDENTIFIER = "com.siddhant.PublicKey-Pinning-Swift";
				PRODUCT_NAME = "$(TARGET_NAME)";
				PROVISIONING_PROFILE_SPECIFIER = "";
				SWIFT_EMIT_LOC_STRINGS = YES;
				SWIFT_VERSION = 5.0;
				TARGETED_DEVICE_FAMILY = "1,2";
			};
			name = Debug;
		};
		9CE4BADA299CE795005F6B2C /* Release */ = {
			isa = XCBuildConfiguration;
			baseConfigurationReference = AF5FDDAC277B51E27C5E3355 /* Pods-PublicKey-Pinning_Swift.release.xcconfig */;
			buildSettings = {
				ASSETCATALOG_COMPILER_APPICON_NAME = AppIcon;
				ASSETCATALOG_COMPILER_GLOBAL_ACCENT_COLOR_NAME = AccentColor;
				CODE_SIGN_STYLE = Manual;
				CURRENT_PROJECT_VERSION = 1;
				DEVELOPMENT_TEAM = "";
				GENERATE_INFOPLIST_FILE = YES;
				INFOPLIST_FILE = "PublicKey-Pinning_Swift/Info.plist";
				INFOPLIST_KEY_UIApplicationSupportsIndirectInputEvents = YES;
				INFOPLIST_KEY_UILaunchStoryboardName = LaunchScreen;
				INFOPLIST_KEY_UIMainStoryboardFile = Main;
				INFOPLIST_KEY_UISupportedInterfaceOrientations_iPad = "UIInterfaceOrientationPortrait UIInterfaceOrientationPortraitUpsideDown UIInterfaceOrientationLandscapeLeft UIInterfaceOrientationLandscapeRight";
				INFOPLIST_KEY_UISupportedInterfaceOrientations_iPhone = "UIInterfaceOrientationPortrait UIInterfaceOrientationLandscapeLeft UIInterfaceOrientationLandscapeRight";
				IPHONEOS_DEPLOYMENT_TARGET = 15.0;
				LD_RUNPATH_SEARCH_PATHS = (
					"$(inherited)",
					"@executable_path/Frameworks",
				);
				MARKETING_VERSION = 1.0;
				PRODUCT_BUNDLE_IDENTIFIER = "com.siddhant.PublicKey-Pinning-Swift";
				PRODUCT_NAME = "$(TARGET_NAME)";
				PROVISIONING_PROFILE_SPECIFIER = "";
				SWIFT_EMIT_LOC_STRINGS = YES;
				SWIFT_VERSION = 5.0;
				TARGETED_DEVICE_FAMILY = "1,2";
			};
			name = Release;
		};
/* End XCBuildConfiguration section */

/* Begin XCConfigurationList section */
		9CE4BABF299CE794005F6B2C /* Build configuration list for PBXProject "PublicKey-Pinning_Swift" */ = {
			isa = XCConfigurationList;
			buildConfigurations = (
				9CE4BAD6299CE795005F6B2C /* Debug */,
				9CE4BAD7299CE795005F6B2C /* Release */,
			);
			defaultConfigurationIsVisible = 0;
			defaultConfigurationName = Release;
		};
		9CE4BAD8299CE795005F6B2C /* Build configuration list for PBXNativeTarget "PublicKey-Pinning_Swift" */ = {
			isa = XCConfigurationList;
			buildConfigurations = (
				9CE4BAD9299CE795005F6B2C /* Debug */,
				9CE4BADA299CE795005F6B2C /* Release */,
			);
			defaultConfigurationIsVisible = 0;
			defaultConfigurationName = Release;
		};
/* End XCConfigurationList section */
	};
	rootObject = 9CE4BABC299CE794005F6B2C /* Project object */;
}
